{
  "name": "steeff0.github.io",
  "version": "1.0.0",
  "lockfileVersion": 1,
  "requires": true,
  "dependencies": {
    "@fortawesome/fontawesome-free": {
      "version": "5.15.4",
      "resolved": "https://dev-brm.cs.kadaster.nl:443/artifactory/api/npm/npm-registry/@fortawesome/fontawesome-free/-/fontawesome-free-5.15.4.tgz",
      "integrity": "sha1-7NpXErYayFLHYNizx5yWrcpVVOU="
    },
    "bootstrap": {
      "version": "4.6.0",
      "resolved": "https://dev-brm.cs.kadaster.nl:443/artifactory/api/npm/npm-registry/bootstrap/-/bootstrap-4.6.0.tgz",
      "integrity": "sha1-l7nymsmPmN+kO/dGgmLYQ5JVL9c="
    },
    "jquery": {
      "version": "3.6.0",
      "resolved": "https://dev-brm.cs.kadaster.nl:443/artifactory/api/npm/npm-registry/jquery/-/jquery-3.6.0.tgz",
      "integrity": "sha1-xyoJ8Vwb3OFC9J2/EXC9+K2sJHA="
    }
  }
}
